
Microsoft Visual Studio Solution File, Format Version 12.00
# Visual Studio Version 17
VisualStudioVersion = 17.4.33403.182
MinimumVisualStudioVersion = 10.0.40219.1
Project("{FAE04EC0-301F-11D3-BF4B-00C04F79EFBC}") = "ASSIGNMENT", "ASSIGNMENT\ASSIGNMENT.csproj", "{C83F997C-994A-46B0-B8AA-FAEB02946729}"
EndProject
Global
	GlobalSection(SolutionConfigurationPlatforms) = preSolution
		Debug|Any CPU = Debug|Any CPU
		Release|Any CPU = Release|Any CPU
	EndGlobalSection
	GlobalSection(ProjectConfigurationPlatforms) = postSolution
		{C83F997C-994A-46B0-B8AA-FAEB02946729}.Debug|Any CPU.ActiveCfg = Debug|Any CPU
		{C83F997C-994A-46B0-B8AA-FAEB02946729}.Debug|Any CPU.Build.0 = Debug|Any CPU
		{C83F997C-994A-46B0-B8AA-FAEB02946729}.Release|Any CPU.ActiveCfg = Release|Any CPU
		{C83F997C-994A-46B0-B8AA-FAEB02946729}.Release|Any CPU.Build.0 = Release|Any CPU
	EndGlobalSection
	GlobalSection(SolutionProperties) = preSolution
		HideSolutionNode = FALSE
	EndGlobalSection
	GlobalSection(ExtensibilityGlobals) = postSolution
		SolutionGuid = {953A8CF0-899A-4161-8E91-DA7FA1C8EAF4}
	EndGlobalSection
EndGlobal
